
Microsoft Visual Studio Solution File, Format Version 12.00
# Visual Studio 15
Project("{FAE04EC0-301F-11D3-BF4B-00C04F79EFBC}") = "Assembly-CSharp-firstpass", "Assembly-CSharp-firstpass.csproj", "{D04CEF7E-A71F-DC31-EC05-CB8AC41B9D61}"
EndProject
Project("{FAE04EC0-301F-11D3-BF4B-00C04F79EFBC}") = "Assembly-CSharp", "Assembly-CSharp.csproj", "{808B3851-ECF2-9405-97AC-21B002C80282}"
EndProject
Global
	GlobalSection(SolutionConfigurationPlatforms) = preSolution
		Debug|Any CPU = Debug|Any CPU
		Release|Any CPU = Release|Any CPU
	EndGlobalSection
	GlobalSection(ProjectConfigurationPlatforms) = postSolution
		{D04CEF7E-A71F-DC31-EC05-CB8AC41B9D61}.Debug|Any CPU.ActiveCfg = Debug|Any CPU
		{D04CEF7E-A71F-DC31-EC05-CB8AC41B9D61}.Debug|Any CPU.Build.0 = Debug|Any CPU
		{D04CEF7E-A71F-DC31-EC05-CB8AC41B9D61}.Release|Any CPU.ActiveCfg = Release|Any CPU
		{D04CEF7E-A71F-DC31-EC05-CB8AC41B9D61}.Release|Any CPU.Build.0 = Release|Any CPU
		{808B3851-ECF2-9405-97AC-21B002C80282}.Debug|Any CPU.ActiveCfg = Debug|Any CPU
		{808B3851-ECF2-9405-97AC-21B002C80282}.Debug|Any CPU.Build.0 = Debug|Any CPU
		{808B3851-ECF2-9405-97AC-21B002C80282}.Release|Any CPU.ActiveCfg = Release|Any CPU
		{808B3851-ECF2-9405-97AC-21B002C80282}.Release|Any CPU.Build.0 = Release|Any CPU
	EndGlobalSection
	GlobalSection(SolutionProperties) = preSolution
		HideSolutionNode = FALSE
	EndGlobalSection
EndGlobal
